
Microsoft Visual Studio Solution File, Format Version 12.00
# Visual Studio Version 17
VisualStudioVersion = 17.10.35013.160
MinimumVisualStudioVersion = 10.0.40219.1
Project("{FAE04EC0-301F-11D3-BF4B-00C04F79EFBC}") = "Class Practice", "Class Practice\Class Practice.csproj", "{47F9990D-41AE-4B3A-AA13-27292F2BB70D}"
EndProject
Project("{2150E333-8FDC-42A3-9474-1A3956D46DE8}") = "方案項目", "方案項目", "{C07690D5-2BD5-471F-AF66-BCF59E4E804D}"
EndProject
Global
	GlobalSection(SolutionConfigurationPlatforms) = preSolution
		Debug|Any CPU = Debug|Any CPU
		Release|Any CPU = Release|Any CPU
	EndGlobalSection
	GlobalSection(ProjectConfigurationPlatforms) = postSolution
		{47F9990D-41AE-4B3A-AA13-27292F2BB70D}.Debug|Any CPU.ActiveCfg = Debug|Any CPU
		{47F9990D-41AE-4B3A-AA13-27292F2BB70D}.Debug|Any CPU.Build.0 = Debug|Any CPU
		{47F9990D-41AE-4B3A-AA13-27292F2BB70D}.Release|Any CPU.ActiveCfg = Release|Any CPU
		{47F9990D-41AE-4B3A-AA13-27292F2BB70D}.Release|Any CPU.Build.0 = Release|Any CPU
	EndGlobalSection
	GlobalSection(SolutionProperties) = preSolution
		HideSolutionNode = FALSE
	EndGlobalSection
	GlobalSection(ExtensibilityGlobals) = postSolution
		SolutionGuid = {7AC8766D-765B-449E-8A49-48C223DB71A8}
	EndGlobalSection
EndGlobal
